
Microsoft Visual Studio Solution File, Format Version 12.00
# Visual Studio 15
VisualStudioVersion = 15.0.28307.852
MinimumVisualStudioVersion = 10.0.40219.1
Project("{FAE04EC0-301F-11D3-BF4B-00C04F79EFBC}") = "string_stringBuilder", "string_stringBuilder\string_stringBuilder.csproj", "{D8367C7E-F30B-49AD-B3DD-3AD2C81D8246}"
EndProject
Global
	GlobalSection(SolutionConfigurationPlatforms) = preSolution
		Debug|Any CPU = Debug|Any CPU
		Release|Any CPU = Release|Any CPU
	EndGlobalSection
	GlobalSection(ProjectConfigurationPlatforms) = postSolution
		{D8367C7E-F30B-49AD-B3DD-3AD2C81D8246}.Debug|Any CPU.ActiveCfg = Debug|Any CPU
		{D8367C7E-F30B-49AD-B3DD-3AD2C81D8246}.Debug|Any CPU.Build.0 = Debug|Any CPU
		{D8367C7E-F30B-49AD-B3DD-3AD2C81D8246}.Release|Any CPU.ActiveCfg = Release|Any CPU
		{D8367C7E-F30B-49AD-B3DD-3AD2C81D8246}.Release|Any CPU.Build.0 = Release|Any CPU
	EndGlobalSection
	GlobalSection(SolutionProperties) = preSolution
		HideSolutionNode = FALSE
	EndGlobalSection
	GlobalSection(ExtensibilityGlobals) = postSolution
		SolutionGuid = {18A95057-E2F7-4DFE-A628-B173F8E1AEDC}
	EndGlobalSection
EndGlobal
