
Microsoft Visual Studio Solution File, Format Version 12.00
# Visual Studio Version 16
VisualStudioVersion = 16.0.29613.14
MinimumVisualStudioVersion = 10.0.40219.1
Project("{FAE04EC0-301F-11D3-BF4B-00C04F79EFBC}") = "stack", "stack\stack.csproj", "{36FDBE42-650C-44AE-BB81-01524CA51CBE}"
EndProject
Global
	GlobalSection(SolutionConfigurationPlatforms) = preSolution
		Debug|Any CPU = Debug|Any CPU
		Release|Any CPU = Release|Any CPU
	EndGlobalSection
	GlobalSection(ProjectConfigurationPlatforms) = postSolution
		{36FDBE42-650C-44AE-BB81-01524CA51CBE}.Debug|Any CPU.ActiveCfg = Debug|Any CPU
		{36FDBE42-650C-44AE-BB81-01524CA51CBE}.Debug|Any CPU.Build.0 = Debug|Any CPU
		{36FDBE42-650C-44AE-BB81-01524CA51CBE}.Release|Any CPU.ActiveCfg = Release|Any CPU
		{36FDBE42-650C-44AE-BB81-01524CA51CBE}.Release|Any CPU.Build.0 = Release|Any CPU
	EndGlobalSection
	GlobalSection(SolutionProperties) = preSolution
		HideSolutionNode = FALSE
	EndGlobalSection
	GlobalSection(ExtensibilityGlobals) = postSolution
		SolutionGuid = {E26844E9-DB43-473A-B3F8-DACF773B4611}
	EndGlobalSection
EndGlobal
