
Microsoft Visual Studio Solution File, Format Version 12.00
# Visual Studio Version 16
VisualStudioVersion = 16.0.29613.14
MinimumVisualStudioVersion = 10.0.40219.1
Project("{FAE04EC0-301F-11D3-BF4B-00C04F79EFBC}") = "Polymorphism", "Polymorphism\Polymorphism.csproj", "{06CF2ECC-31B1-49E6-A56F-65CC287689E6}"
EndProject
Global
	GlobalSection(SolutionConfigurationPlatforms) = preSolution
		Debug|Any CPU = Debug|Any CPU
		Release|Any CPU = Release|Any CPU
	EndGlobalSection
	GlobalSection(ProjectConfigurationPlatforms) = postSolution
		{06CF2ECC-31B1-49E6-A56F-65CC287689E6}.Debug|Any CPU.ActiveCfg = Debug|Any CPU
		{06CF2ECC-31B1-49E6-A56F-65CC287689E6}.Debug|Any CPU.Build.0 = Debug|Any CPU
		{06CF2ECC-31B1-49E6-A56F-65CC287689E6}.Release|Any CPU.ActiveCfg = Release|Any CPU
		{06CF2ECC-31B1-49E6-A56F-65CC287689E6}.Release|Any CPU.Build.0 = Release|Any CPU
	EndGlobalSection
	GlobalSection(SolutionProperties) = preSolution
		HideSolutionNode = FALSE
	EndGlobalSection
	GlobalSection(ExtensibilityGlobals) = postSolution
		SolutionGuid = {597CDD75-8D4E-4E81-B4C0-9B8F37D94ED4}
	EndGlobalSection
EndGlobal
